
Microsoft Visual Studio Solution File, Format Version 12.00
# Visual Studio Version 16
VisualStudioVersion = 16.0.31005.135
MinimumVisualStudioVersion = 10.0.40219.1
Project("{FAE04EC0-301F-11D3-BF4B-00C04F79EFBC}") = "DevopsApp", "DevopsApp\DevopsApp.csproj", "{844C71A0-72E7-4FF0-9A17-118811A3A1BF}"
EndProject
Global
	GlobalSection(SolutionConfigurationPlatforms) = preSolution
		Debug|Any CPU = Debug|Any CPU
		Release|Any CPU = Release|Any CPU
	EndGlobalSection
	GlobalSection(ProjectConfigurationPlatforms) = postSolution
		{844C71A0-72E7-4FF0-9A17-118811A3A1BF}.Debug|Any CPU.ActiveCfg = Debug|Any CPU
		{844C71A0-72E7-4FF0-9A17-118811A3A1BF}.Debug|Any CPU.Build.0 = Debug|Any CPU
		{844C71A0-72E7-4FF0-9A17-118811A3A1BF}.Release|Any CPU.ActiveCfg = Release|Any CPU
		{844C71A0-72E7-4FF0-9A17-118811A3A1BF}.Release|Any CPU.Build.0 = Release|Any CPU
	EndGlobalSection
	GlobalSection(SolutionProperties) = preSolution
		HideSolutionNode = FALSE
	EndGlobalSection
	GlobalSection(ExtensibilityGlobals) = postSolution
		SolutionGuid = {791B7B97-F732-4A41-AD74-A64D60B42255}
	EndGlobalSection
EndGlobal
